
Microsoft Visual Studio Solution File, Format Version 12.00
# Visual Studio 15
VisualStudioVersion = 15.0.28010.2019
MinimumVisualStudioVersion = 10.0.40219.1
Project("{FAE04EC0-301F-11D3-BF4B-00C04F79EFBC}") = "TicTacToe", "TicTacToe\TicTacToe.csproj", "{4D1D1D52-8C85-426A-8E27-5AB12BCFFCEB}"
EndProject
Project("{FAE04EC0-301F-11D3-BF4B-00C04F79EFBC}") = "UnitTests", "UnitTests\UnitTests.csproj", "{833F7678-FD65-45DE-AE9A-38D879DBD08C}"
EndProject
Global
	GlobalSection(SolutionConfigurationPlatforms) = preSolution
		Debug|Any CPU = Debug|Any CPU
		Release|Any CPU = Release|Any CPU
	EndGlobalSection
	GlobalSection(ProjectConfigurationPlatforms) = postSolution
		{4D1D1D52-8C85-426A-8E27-5AB12BCFFCEB}.Debug|Any CPU.ActiveCfg = Debug|Any CPU
		{4D1D1D52-8C85-426A-8E27-5AB12BCFFCEB}.Debug|Any CPU.Build.0 = Debug|Any CPU
		{4D1D1D52-8C85-426A-8E27-5AB12BCFFCEB}.Release|Any CPU.ActiveCfg = Release|Any CPU
		{4D1D1D52-8C85-426A-8E27-5AB12BCFFCEB}.Release|Any CPU.Build.0 = Release|Any CPU
		{833F7678-FD65-45DE-AE9A-38D879DBD08C}.Debug|Any CPU.ActiveCfg = Debug|Any CPU
		{833F7678-FD65-45DE-AE9A-38D879DBD08C}.Debug|Any CPU.Build.0 = Debug|Any CPU
		{833F7678-FD65-45DE-AE9A-38D879DBD08C}.Release|Any CPU.ActiveCfg = Release|Any CPU
		{833F7678-FD65-45DE-AE9A-38D879DBD08C}.Release|Any CPU.Build.0 = Release|Any CPU
	EndGlobalSection
	GlobalSection(SolutionProperties) = preSolution
		HideSolutionNode = FALSE
	EndGlobalSection
	GlobalSection(ExtensibilityGlobals) = postSolution
		SolutionGuid = {98BEC393-CC7B-4079-A9A6-5D13B6644757}
	EndGlobalSection
EndGlobal
